// !$*UTF8*$!
{
	archiveVersion = 1;
	classes = {
	};
	objectVersion = 46;
	objects = {

/* Begin PBXBuildFile section */
		0889AF5B741D40D98BFE51CB /* libPods.a in Frameworks */ = {isa = PBXBuildFile; fileRef = D3549BC638E84E228F3626AF /* libPods.a */; };
		439596AC19C2666B004563E9 /* FBFRequestManager.m in Sources */ = {isa = PBXBuildFile; fileRef = 439596AB19C2666B004563E9 /* FBFRequestManager.m */; };
		439596AF19C28FC2004563E9 /* completed.png in Resources */ = {isa = PBXBuildFile; fileRef = 439596AD19C28FC2004563E9 /* completed.png */; };
		439596B219C29301004563E9 /* incomplete.jpeg in Resources */ = {isa = PBXBuildFile; fileRef = 439596B119C29301004563E9 /* incomplete.jpeg */; };
		43A38C6419C0C0FB0064C919 /* main.m in Sources */ = {isa = PBXBuildFile; fileRef = 43A38C6319C0C0FB0064C919 /* main.m */; };
		43A38C6719C0C0FB0064C919 /* AppDelegate.m in Sources */ = {isa = PBXBuildFile; fileRef = 43A38C6619C0C0FB0064C919 /* AppDelegate.m */; };
		43A38C6A19C0C0FB0064C919 /* checklist.xcdatamodeld in Sources */ = {isa = PBXBuildFile; fileRef = 43A38C6819C0C0FB0064C919 /* checklist.xcdatamodeld */; };
		43A38C7019C0C0FB0064C919 /* Main.storyboard in Resources */ = {isa = PBXBuildFile; fileRef = 43A38C6E19C0C0FB0064C919 /* Main.storyboard */; };
		43A38C7219C0C0FB0064C919 /* Images.xcassets in Resources */ = {isa = PBXBuildFile; fileRef = 43A38C7119C0C0FB0064C919 /* Images.xcassets */; };
		43A38C8119C0C0FB0064C919 /* checklistTests.m in Sources */ = {isa = PBXBuildFile; fileRef = 43A38C8019C0C0FB0064C919 /* checklistTests.m */; };
		43A38C9119C0C5150064C919 /* FBFChecklistTableViewController.m in Sources */ = {isa = PBXBuildFile; fileRef = 43A38C9019C0C5150064C919 /* FBFChecklistTableViewController.m */; };
		43A38C9419C0C7CE0064C919 /* FBFAddTaskViewController.m in Sources */ = {isa = PBXBuildFile; fileRef = 43A38C9319C0C7CE0064C919 /* FBFAddTaskViewController.m */; };
		43A38C9719C0DAF40064C919 /* FBFEditTaskViewController.m in Sources */ = {isa = PBXBuildFile; fileRef = 43A38C9619C0DAF40064C919 /* FBFEditTaskViewController.m */; };
		43A38C9A19C0DF820064C919 /* FBFTaskDetailViewController.m in Sources */ = {isa = PBXBuildFile; fileRef = 43A38C9919C0DF820064C919 /* FBFTaskDetailViewController.m */; };
		43A38C9D19C0E72C0064C919 /* FBFTask.m in Sources */ = {isa = PBXBuildFile; fileRef = 43A38C9C19C0E72C0064C919 /* FBFTask.m */; };
/* End PBXBuildFile section */

/* Begin PBXContainerItemProxy section */
		43A38C7B19C0C0FB0064C919 /* PBXContainerItemProxy */ = {
			isa = PBXContainerItemProxy;
			containerPortal = 43A38C5619C0C0FB0064C919 /* Project object */;
			proxyType = 1;
			remoteGlobalIDString = 43A38C5D19C0C0FB0064C919;
			remoteInfo = checklist;
		};
/* End PBXContainerItemProxy section */

/* Begin PBXFileReference section */
		439596AA19C2666B004563E9 /* FBFRequestManager.h */ = {isa = PBXFileReference; fileEncoding = 4; lastKnownFileType = sourcecode.c.h; path = FBFRequestManager.h; sourceTree = "<group>"; };
		439596AB19C2666B004563E9 /* FBFRequestManager.m */ = {isa = PBXFileReference; fileEncoding = 4; lastKnownFileType = sourcecode.c.objc; path = FBFRequestManager.m; sourceTree = "<group>"; };
		439596AD19C28FC2004563E9 /* completed.png */ = {isa = PBXFileReference; lastKnownFileType = image.png; path = completed.png; sourceTree = "<group>"; };
		439596B119C29301004563E9 /* incomplete.jpeg */ = {isa = PBXFileReference; lastKnownFileType = image.jpeg; path = incomplete.jpeg; sourceTree = "<group>"; };
		43A38C5E19C0C0FB0064C919 /* Checklist.app */ = {isa = PBXFileReference; explicitFileType = wrapper.application; includeInIndex = 0; path = Checklist.app; sourceTree = BUILT_PRODUCTS_DIR; };
		43A38C6219C0C0FB0064C919 /* Info.plist */ = {isa = PBXFileReference; lastKnownFileType = text.plist.xml; path = Info.plist; sourceTree = "<group>"; };
		43A38C6319C0C0FB0064C919 /* main.m */ = {isa = PBXFileReference; lastKnownFileType = sourcecode.c.objc; path = main.m; sourceTree = "<group>"; };
		43A38C6519C0C0FB0064C919 /* AppDelegate.h */ = {isa = PBXFileReference; lastKnownFileType = sourcecode.c.h; path = AppDelegate.h; sourceTree = "<group>"; };
		43A38C6619C0C0FB0064C919 /* AppDelegate.m */ = {isa = PBXFileReference; lastKnownFileType = sourcecode.c.objc; path = AppDelegate.m; sourceTree = "<group>"; };
		43A38C6919C0C0FB0064C919 /* checklist.xcdatamodel */ = {isa = PBXFileReference; lastKnownFileType = wrapper.xcdatamodel; path = checklist.xcdatamodel; sourceTree = "<group>"; };
		43A38C6F19C0C0FB0064C919 /* Base */ = {isa = PBXFileReference; lastKnownFileType = file.storyboard; name = Base; path = Base.lproj/Main.storyboard; sourceTree = "<group>"; };
		43A38C7119C0C0FB0064C919 /* Images.xcassets */ = {isa = PBXFileReference; lastKnownFileType = folder.assetcatalog; path = Images.xcassets; sourceTree = "<group>"; };
		43A38C7A19C0C0FB0064C919 /* ChecklistTests.xctest */ = {isa = PBXFileReference; explicitFileType = wrapper.cfbundle; includeInIndex = 0; path = ChecklistTests.xctest; sourceTree = BUILT_PRODUCTS_DIR; };
		43A38C7F19C0C0FB0064C919 /* Info.plist */ = {isa = PBXFileReference; lastKnownFileType = text.plist.xml; path = Info.plist; sourceTree = "<group>"; };
		43A38C8019C0C0FB0064C919 /* checklistTests.m */ = {isa = PBXFileReference; lastKnownFileType = sourcecode.c.objc; path = checklistTests.m; sourceTree = "<group>"; };
		43A38C8F19C0C5150064C919 /* FBFChecklistTableViewController.h */ = {isa = PBXFileReference; fileEncoding = 4; lastKnownFileType = sourcecode.c.h; path = FBFChecklistTableViewController.h; sourceTree = "<group>"; };
		43A38C9019C0C5150064C919 /* FBFChecklistTableViewController.m */ = {isa = PBXFileReference; fileEncoding = 4; lastKnownFileType = sourcecode.c.objc; path = FBFChecklistTableViewController.m; sourceTree = "<group>"; };
		43A38C9219C0C7CE0064C919 /* FBFAddTaskViewController.h */ = {isa = PBXFileReference; fileEncoding = 4; lastKnownFileType = sourcecode.c.h; path = FBFAddTaskViewController.h; sourceTree = "<group>"; };
		43A38C9319C0C7CE0064C919 /* FBFAddTaskViewController.m */ = {isa = PBXFileReference; fileEncoding = 4; lastKnownFileType = sourcecode.c.objc; path = FBFAddTaskViewController.m; sourceTree = "<group>"; };
		43A38C9519C0DAF40064C919 /* FBFEditTaskViewController.h */ = {isa = PBXFileReference; fileEncoding = 4; lastKnownFileType = sourcecode.c.h; path = FBFEditTaskViewController.h; sourceTree = "<group>"; };
		43A38C9619C0DAF40064C919 /* FBFEditTaskViewController.m */ = {isa = PBXFileReference; fileEncoding = 4; lastKnownFileType = sourcecode.c.objc; path = FBFEditTaskViewController.m; sourceTree = "<group>"; };
		43A38C9819C0DF820064C919 /* FBFTaskDetailViewController.h */ = {isa = PBXFileReference; fileEncoding = 4; lastKnownFileType = sourcecode.c.h; path = FBFTaskDetailViewController.h; sourceTree = "<group>"; };
		43A38C9919C0DF820064C919 /* FBFTaskDetailViewController.m */ = {isa = PBXFileReference; fileEncoding = 4; lastKnownFileType = sourcecode.c.objc; path = FBFTaskDetailViewController.m; sourceTree = "<group>"; };
		43A38C9B19C0E72C0064C919 /* FBFTask.h */ = {isa = PBXFileReference; fileEncoding = 4; lastKnownFileType = sourcecode.c.h; path = FBFTask.h; sourceTree = "<group>"; };
		43A38C9C19C0E72C0064C919 /* FBFTask.m */ = {isa = PBXFileReference; fileEncoding = 4; lastKnownFileType = sourcecode.c.objc; path = FBFTask.m; sourceTree = "<group>"; };
		9178C4A5B502448E9C60922E /* Pods.xcconfig */ = {isa = PBXFileReference; includeInIndex = 1; lastKnownFileType = text.xcconfig; name = Pods.xcconfig; path = Pods/Pods.xcconfig; sourceTree = "<group>"; };
		D3549BC638E84E228F3626AF /* libPods.a */ = {isa = PBXFileReference; explicitFileType = archive.ar; includeInIndex = 0; path = libPods.a; sourceTree = BUILT_PRODUCTS_DIR; };
/* End PBXFileReference section */

/* Begin PBXFrameworksBuildPhase section */
		43A38C5B19C0C0FB0064C919 /* Frameworks */ = {
			isa = PBXFrameworksBuildPhase;
			buildActionMask = 2147483647;
			files = (
				0889AF5B741D40D98BFE51CB /* libPods.a in Frameworks */,
			);
			runOnlyForDeploymentPostprocessing = 0;
		};
		43A38C7719C0C0FB0064C919 /* Frameworks */ = {
			isa = PBXFrameworksBuildPhase;
			buildActionMask = 2147483647;
			files = (
			);
			runOnlyForDeploymentPostprocessing = 0;
		};
/* End PBXFrameworksBuildPhase section */

/* Begin PBXGroup section */
		0B9A9F74BC984D2E93257434 /* Frameworks */ = {
			isa = PBXGroup;
			children = (
				D3549BC638E84E228F3626AF /* libPods.a */,
			);
			name = Frameworks;
			sourceTree = "<group>";
		};
		439596A919C264E3004563E9 /* API Helpers */ = {
			isa = PBXGroup;
			children = (
				439596AA19C2666B004563E9 /* FBFRequestManager.h */,
				439596AB19C2666B004563E9 /* FBFRequestManager.m */,
			);
			name = "API Helpers";
			sourceTree = "<group>";
		};
		43A38C5519C0C0FB0064C919 = {
			isa = PBXGroup;
			children = (
				43A38C6019C0C0FB0064C919 /* checklist */,
				43A38C7D19C0C0FB0064C919 /* checklistTests */,
				43A38C5F19C0C0FB0064C919 /* Products */,
				9178C4A5B502448E9C60922E /* Pods.xcconfig */,
				0B9A9F74BC984D2E93257434 /* Frameworks */,
			);
			sourceTree = "<group>";
		};
		43A38C5F19C0C0FB0064C919 /* Products */ = {
			isa = PBXGroup;
			children = (
				43A38C5E19C0C0FB0064C919 /* Checklist.app */,
				43A38C7A19C0C0FB0064C919 /* ChecklistTests.xctest */,
			);
			name = Products;
			sourceTree = "<group>";
		};
		43A38C6019C0C0FB0064C919 /* checklist */ = {
			isa = PBXGroup;
			children = (
				43A38C6E19C0C0FB0064C919 /* Main.storyboard */,
				43A38C8A19C0C2980064C919 /* Controllers */,
				43A38C8B19C0C2A50064C919 /* Models */,
				43A38C6119C0C0FB0064C919 /* Supporting Files */,
			);
			path = checklist;
			sourceTree = "<group>";
		};
		43A38C6119C0C0FB0064C919 /* Supporting Files */ = {
			isa = PBXGroup;
			children = (
				439596B119C29301004563E9 /* incomplete.jpeg */,
				439596AD19C28FC2004563E9 /* completed.png */,
				43A38C6519C0C0FB0064C919 /* AppDelegate.h */,
				43A38C6619C0C0FB0064C919 /* AppDelegate.m */,
				43A38C7119C0C0FB0064C919 /* Images.xcassets */,
				43A38C6219C0C0FB0064C919 /* Info.plist */,
				43A38C6319C0C0FB0064C919 /* main.m */,
			);
			name = "Supporting Files";
			sourceTree = "<group>";
		};
		43A38C7D19C0C0FB0064C919 /* checklistTests */ = {
			isa = PBXGroup;
			children = (
				43A38C8019C0C0FB0064C919 /* checklistTests.m */,
				43A38C7E19C0C0FB0064C919 /* Supporting Files */,
			);
			path = checklistTests;
			sourceTree = "<group>";
		};
		43A38C7E19C0C0FB0064C919 /* Supporting Files */ = {
			isa = PBXGroup;
			children = (
				43A38C7F19C0C0FB0064C919 /* Info.plist */,
			);
			name = "Supporting Files";
			sourceTree = "<group>";
		};
		43A38C8A19C0C2980064C919 /* Controllers */ = {
			isa = PBXGroup;
			children = (
				439596A919C264E3004563E9 /* API Helpers */,
				43A38C8F19C0C5150064C919 /* FBFChecklistTableViewController.h */,
				43A38C9019C0C5150064C919 /* FBFChecklistTableViewController.m */,
				43A38C9219C0C7CE0064C919 /* FBFAddTaskViewController.h */,
				43A38C9319C0C7CE0064C919 /* FBFAddTaskViewController.m */,
				43A38C9819C0DF820064C919 /* FBFTaskDetailViewController.h */,
				43A38C9919C0DF820064C919 /* FBFTaskDetailViewController.m */,
				43A38C9519C0DAF40064C919 /* FBFEditTaskViewController.h */,
				43A38C9619C0DAF40064C919 /* FBFEditTaskViewController.m */,
			);
			name = Controllers;
			sourceTree = "<group>";
		};
		43A38C8B19C0C2A50064C919 /* Models */ = {
			isa = PBXGroup;
			children = (
				43A38C6819C0C0FB0064C919 /* checklist.xcdatamodeld */,
				43A38C9B19C0E72C0064C919 /* FBFTask.h */,
				43A38C9C19C0E72C0064C919 /* FBFTask.m */,
			);
			name = Models;
			sourceTree = "<group>";
		};
/* End PBXGroup section */

/* Begin PBXNativeTarget section */
		43A38C5D19C0C0FB0064C919 /* Checklist */ = {
			isa = PBXNativeTarget;
			buildConfigurationList = 43A38C8419C0C0FB0064C919 /* Build configuration list for PBXNativeTarget "Checklist" */;
			buildPhases = (
				F9F8EE72CA1A47BFB27E5B30 /* Check Pods Manifest.lock */,
				43A38C5A19C0C0FB0064C919 /* Sources */,
				43A38C5B19C0C0FB0064C919 /* Frameworks */,
				43A38C5C19C0C0FB0064C919 /* Resources */,
				1A43D5B1F42C4640B30B3E63 /* Copy Pods Resources */,
			);
			buildRules = (
			);
			dependencies = (
			);
			name = Checklist;
			productName = checklist;
			productReference = 43A38C5E19C0C0FB0064C919 /* Checklist.app */;
			productType = "com.apple.product-type.application";
		};
		43A38C7919C0C0FB0064C919 /* ChecklistTests */ = {
			isa = PBXNativeTarget;
			buildConfigurationList = 43A38C8719C0C0FB0064C919 /* Build configuration list for PBXNativeTarget "ChecklistTests" */;
			buildPhases = (
				43A38C7619C0C0FB0064C919 /* Sources */,
				43A38C7719C0C0FB0064C919 /* Frameworks */,
				43A38C7819C0C0FB0064C919 /* Resources */,
			);
			buildRules = (
			);
			dependencies = (
				43A38C7C19C0C0FB0064C919 /* PBXTargetDependency */,
			);
			name = ChecklistTests;
			productName = checklistTests;
			productReference = 43A38C7A19C0C0FB0064C919 /* ChecklistTests.xctest */;
			productType = "com.apple.product-type.bundle.unit-test";
		};
/* End PBXNativeTarget section */

/* Begin PBXProject section */
		43A38C5619C0C0FB0064C919 /* Project object */ = {
			isa = PBXProject;
			attributes = {
				LastUpgradeCheck = 0600;
				ORGANIZATIONNAME = "Patrick Reynolds";
				TargetAttributes = {
					43A38C5D19C0C0FB0064C919 = {
						CreatedOnToolsVersion = 6.0;
					};
					43A38C7919C0C0FB0064C919 = {
						CreatedOnToolsVersion = 6.0;
						TestTargetID = 43A38C5D19C0C0FB0064C919;
					};
				};
			};
			buildConfigurationList = 43A38C5919C0C0FB0064C919 /* Build configuration list for PBXProject "Checklist" */;
			compatibilityVersion = "Xcode 3.2";
			developmentRegion = English;
			hasScannedForEncodings = 0;
			knownRegions = (
				en,
				Base,
			);
			mainGroup = 43A38C5519C0C0FB0064C919;
			productRefGroup = 43A38C5F19C0C0FB0064C919 /* Products */;
			projectDirPath = "";
			projectRoot = "";
			targets = (
				43A38C5D19C0C0FB0064C919 /* Checklist */,
				43A38C7919C0C0FB0064C919 /* ChecklistTests */,
			);
		};
/* End PBXProject section */

/* Begin PBXResourcesBuildPhase section */
		43A38C5C19C0C0FB0064C919 /* Resources */ = {
			isa = PBXResourcesBuildPhase;
			buildActionMask = 2147483647;
			files = (
				439596AF19C28FC2004563E9 /* completed.png in Resources */,
				43A38C7019C0C0FB0064C919 /* Main.storyboard in Resources */,
				43A38C7219C0C0FB0064C919 /* Images.xcassets in Resources */,
				439596B219C29301004563E9 /* incomplete.jpeg in Resources */,
			);
			runOnlyForDeploymentPostprocessing = 0;
		};
		43A38C7819C0C0FB0064C919 /* Resources */ = {
			isa = PBXResourcesBuildPhase;
			buildActionMask = 2147483647;
			files = (
			);
			runOnlyForDeploymentPostprocessing = 0;
		};
/* End PBXResourcesBuildPhase section */

/* Begin PBXShellScriptBuildPhase section */
		1A43D5B1F42C4640B30B3E63 /* Copy Pods Resources */ = {
			isa = PBXShellScriptBuildPhase;
			buildActionMask = 2147483647;
			files = (
			);
			inputPaths = (
			);
			name = "Copy Pods Resources";
			outputPaths = (
			);
			runOnlyForDeploymentPostprocessing = 0;
			shellPath = /bin/sh;
			shellScript = "\"${SRCROOT}/Pods/Pods-resources.sh\"\n";
			showEnvVarsInLog = 0;
		};
		F9F8EE72CA1A47BFB27E5B30 /* Check Pods Manifest.lock */ = {
			isa = PBXShellScriptBuildPhase;
			buildActionMask = 2147483647;
			files = (
			);
			inputPaths = (
			);
			name = "Check Pods Manifest.lock";
			outputPaths = (
			);
			runOnlyForDeploymentPostprocessing = 0;
			shellPath = /bin/sh;
			shellScript = "diff \"${PODS_ROOT}/../Podfile.lock\" \"${PODS_ROOT}/Manifest.lock\" > /dev/null\nif [[ $? != 0 ]] ; then\n    cat << EOM\nerror: The sandbox is not in sync with the Podfile.lock. Run 'pod install' or update your CocoaPods installation.\nEOM\n    exit 1\nfi\n";
			showEnvVarsInLog = 0;
		};
/* End PBXShellScriptBuildPhase section */

/* Begin PBXSourcesBuildPhase section */
		43A38C5A19C0C0FB0064C919 /* Sources */ = {
			isa = PBXSourcesBuildPhase;
			buildActionMask = 2147483647;
			files = (
				43A38C9419C0C7CE0064C919 /* FBFAddTaskViewController.m in Sources */,
				43A38C6719C0C0FB0064C919 /* AppDelegate.m in Sources */,
				43A38C6419C0C0FB0064C919 /* main.m in Sources */,
				439596AC19C2666B004563E9 /* FBFRequestManager.m in Sources */,
				43A38C9719C0DAF40064C919 /* FBFEditTaskViewController.m in Sources */,
				43A38C9A19C0DF820064C919 /* FBFTaskDetailViewController.m in Sources */,
				43A38C9D19C0E72C0064C919 /* FBFTask.m in Sources */,
				43A38C9119C0C5150064C919 /* FBFChecklistTableViewController.m in Sources */,
				43A38C6A19C0C0FB0064C919 /* checklist.xcdatamodeld in Sources */,
			);
			runOnlyForDeploymentPostprocessing = 0;
		};
		43A38C7619C0C0FB0064C919 /* Sources */ = {
			isa = PBXSourcesBuildPhase;
			buildActionMask = 2147483647;
			files = (
				43A38C8119C0C0FB0064C919 /* checklistTests.m in Sources */,
			);
			runOnlyForDeploymentPostprocessing = 0;
		};
/* End PBXSourcesBuildPhase section */

/* Begin PBXTargetDependency section */
		43A38C7C19C0C0FB0064C919 /* PBXTargetDependency */ = {
			isa = PBXTargetDependency;
			target = 43A38C5D19C0C0FB0064C919 /* Checklist */;
			targetProxy = 43A38C7B19C0C0FB0064C919 /* PBXContainerItemProxy */;
		};
/* End PBXTargetDependency section */

/* Begin PBXVariantGroup section */
		43A38C6E19C0C0FB0064C919 /* Main.storyboard */ = {
			isa = PBXVariantGroup;
			children = (
				43A38C6F19C0C0FB0064C919 /* Base */,
			);
			name = Main.storyboard;
			sourceTree = "<group>";
		};
/* End PBXVariantGroup section */

/* Begin XCBuildConfiguration section */
		43A38C8219C0C0FB0064C919 /* Debug */ = {
			isa = XCBuildConfiguration;
			buildSettings = {
				ALWAYS_SEARCH_USER_PATHS = NO;
				CLANG_CXX_LANGUAGE_STANDARD = "gnu++0x";
				CLANG_CXX_LIBRARY = "libc++";
				CLANG_ENABLE_MODULES = YES;
				CLANG_ENABLE_OBJC_ARC = YES;
				CLANG_WARN_BOOL_CONVERSION = YES;
				CLANG_WARN_CONSTANT_CONVERSION = YES;
				CLANG_WARN_DIRECT_OBJC_ISA_USAGE = YES_ERROR;
				CLANG_WARN_EMPTY_BODY = YES;
				CLANG_WARN_ENUM_CONVERSION = YES;
				CLANG_WARN_INT_CONVERSION = YES;
				CLANG_WARN_OBJC_ROOT_CLASS = YES_ERROR;
				CLANG_WARN_UNREACHABLE_CODE = YES;
				CLANG_WARN__DUPLICATE_METHOD_MATCH = YES;
				"CODE_SIGN_IDENTITY[sdk=iphoneos*]" = "iPhone Developer";
				COPY_PHASE_STRIP = NO;
				ENABLE_STRICT_OBJC_MSGSEND = YES;
				GCC_C_LANGUAGE_STANDARD = gnu99;
				GCC_DYNAMIC_NO_PIC = NO;
				GCC_OPTIMIZATION_LEVEL = 0;
				GCC_PREPROCESSOR_DEFINITIONS = (
					"DEBUG=1",
					"$(inherited)",
				);
				GCC_SYMBOLS_PRIVATE_EXTERN = NO;
				GCC_WARN_64_TO_32_BIT_CONVERSION = YES;
				GCC_WARN_ABOUT_RETURN_TYPE = YES_ERROR;
				GCC_WARN_UNDECLARED_SELECTOR = YES;
				GCC_WARN_UNINITIALIZED_AUTOS = YES_AGGRESSIVE;
				GCC_WARN_UNUSED_FUNCTION = YES;
				GCC_WARN_UNUSED_VARIABLE = YES;
				IPHONEOS_DEPLOYMENT_TARGET = 8.0;
				MTL_ENABLE_DEBUG_INFO = YES;
				ONLY_ACTIVE_ARCH = YES;
				SDKROOT = iphoneos;
			};
			name = Debug;
		};
		43A38C8319C0C0FB0064C919 /* Release */ = {
			isa = XCBuildConfiguration;
			buildSettings = {
				ALWAYS_SEARCH_USER_PATHS = NO;
				CLANG_CXX_LANGUAGE_STANDARD = "gnu++0x";
				CLANG_CXX_LIBRARY = "libc++";
				CLANG_ENABLE_MODULES = YES;
				CLANG_ENABLE_OBJC_ARC = YES;
				CLANG_WARN_BOOL_CONVERSION = YES;
				CLANG_WARN_CONSTANT_CONVERSION = YES;
				CLANG_WARN_DIRECT_OBJC_ISA_USAGE = YES_ERROR;
				CLANG_WARN_EMPTY_BODY = YES;
				CLANG_WARN_ENUM_CONVERSION = YES;
				CLANG_WARN_INT_CONVERSION = YES;
				CLANG_WARN_OBJC_ROOT_CLASS = YES_ERROR;
				CLANG_WARN_UNREACHABLE_CODE = YES;
				CLANG_WARN__DUPLICATE_METHOD_MATCH = YES;
				"CODE_SIGN_IDENTITY[sdk=iphoneos*]" = "iPhone Developer";
				COPY_PHASE_STRIP = YES;
				ENABLE_NS_ASSERTIONS = NO;
				ENABLE_STRICT_OBJC_MSGSEND = YES;
				GCC_C_LANGUAGE_STANDARD = gnu99;
				GCC_WARN_64_TO_32_BIT_CONVERSION = YES;
				GCC_WARN_ABOUT_RETURN_TYPE = YES_ERROR;
				GCC_WARN_UNDECLARED_SELECTOR = YES;
				GCC_WARN_UNINITIALIZED_AUTOS = YES_AGGRESSIVE;
				GCC_WARN_UNUSED_FUNCTION = YES;
				GCC_WARN_UNUSED_VARIABLE = YES;
				IPHONEOS_DEPLOYMENT_TARGET = 8.0;
				MTL_ENABLE_DEBUG_INFO = NO;
				SDKROOT = iphoneos;
				VALIDATE_PRODUCT = YES;
			};
			name = Release;
		};
		43A38C8519C0C0FB0064C919 /* Debug */ = {
			isa = XCBuildConfiguration;
			baseConfigurationReference = 9178C4A5B502448E9C60922E /* Pods.xcconfig */;
			buildSettings = {
				ASSETCATALOG_COMPILER_APPICON_NAME = AppIcon;
				INFOPLIST_FILE = checklist/Info.plist;
				IPHONEOS_DEPLOYMENT_TARGET = 7.1;
				LD_RUNPATH_SEARCH_PATHS = "$(inherited) @executable_path/Frameworks";
				PRODUCT_NAME = Checklist;
			};
			name = Debug;
		};
		43A38C8619C0C0FB0064C919 /* Release */ = {
			isa = XCBuildConfiguration;
			baseConfigurationReference = 9178C4A5B502448E9C60922E /* Pods.xcconfig */;
			buildSettings = {
				ASSETCATALOG_COMPILER_APPICON_NAME = AppIcon;
				INFOPLIST_FILE = checklist/Info.plist;
				IPHONEOS_DEPLOYMENT_TARGET = 7.1;
				LD_RUNPATH_SEARCH_PATHS = "$(inherited) @executable_path/Frameworks";
				PRODUCT_NAME = Checklist;
			};
			name = Release;
		};
		43A38C8819C0C0FB0064C919 /* Debug */ = {
			isa = XCBuildConfiguration;
			buildSettings = {
				BUNDLE_LOADER = "$(TEST_HOST)";
				FRAMEWORK_SEARCH_PATHS = (
					"$(SDKROOT)/Developer/Library/Frameworks",
					"$(inherited)",
				);
				GCC_PREPROCESSOR_DEFINITIONS = (
					"DEBUG=1",
					"$(inherited)",
				);
				INFOPLIST_FILE = checklistTests/Info.plist;
				LD_RUNPATH_SEARCH_PATHS = "$(inherited) @executable_path/Frameworks @loader_path/Frameworks";
				PRODUCT_NAME = ChecklistTests;
				TEST_HOST = "$(BUILT_PRODUCTS_DIR)/checklist.app/checklist";
			};
			name = Debug;
		};
		43A38C8919C0C0FB0064C919 /* Release */ = {
			isa = XCBuildConfiguration;
			buildSettings = {
				BUNDLE_LOADER = "$(TEST_HOST)";
				FRAMEWORK_SEARCH_PATHS = (
					"$(SDKROOT)/Developer/Library/Frameworks",
					"$(inherited)",
				);
				INFOPLIST_FILE = checklistTests/Info.plist;
				LD_RUNPATH_SEARCH_PATHS = "$(inherited) @executable_path/Frameworks @loader_path/Frameworks";
				PRODUCT_NAME = ChecklistTests;
				TEST_HOST = "$(BUILT_PRODUCTS_DIR)/checklist.app/checklist";
			};
			name = Release;
		};
/* End XCBuildConfiguration section */

/* Begin XCConfigurationList section */
		43A38C5919C0C0FB0064C919 /* Build configuration list for PBXProject "Checklist" */ = {
			isa = XCConfigurationList;
			buildConfigurations = (
				43A38C8219C0C0FB0064C919 /* Debug */,
				43A38C8319C0C0FB0064C919 /* Release */,
			);
			defaultConfigurationIsVisible = 0;
			defaultConfigurationName = Release;
		};
		43A38C8419C0C0FB0064C919 /* Build configuration list for PBXNativeTarget "Checklist" */ = {
			isa = XCConfigurationList;
			buildConfigurations = (
				43A38C8519C0C0FB0064C919 /* Debug */,
				43A38C8619C0C0FB0064C919 /* Release */,
			);
			defaultConfigurationIsVisible = 0;
			defaultConfigurationName = Release;
		};
		43A38C8719C0C0FB0064C919 /* Build configuration list for PBXNativeTarget "Checklist" */ = {
			isa = XCConfigurationList;
			buildConfigurations = (
				43A38C8819C0C0FB0064C919 /* Debug */,
				43A38C8919C0C0FB0064C919 /* Release */,
			);
			defaultConfigurationIsVisible = 0;
			defaultConfigurationName = Release;
		};
/* End XCConfigurationList section */

/* Begin XCVersionGroup section */
		43A38C6819C0C0FB0064C919 /* checklist.xcdatamodeld */ = {
			isa = XCVersionGroup;
			children = (
				43A38C6919C0C0FB0064C919 /* checklist.xcdatamodel */,
			);
			currentVersion = 43A38C6919C0C0FB0064C919 /* checklist.xcdatamodel */;
			path = checklist.xcdatamodeld;
			sourceTree = "<group>";
			versionGroupType = wrapper.xcdatamodel;
		};
/* End XCVersionGroup section */
	};
	rootObject = 43A38C5619C0C0FB0064C919 /* Project object */;
}
